
Microsoft Visual Studio Solution File, Format Version 12.00
# Visual Studio Version 16
VisualStudioVersion = 16.0.30517.126
MinimumVisualStudioVersion = 10.0.40219.1
Project("{FAE04EC0-301F-11D3-BF4B-00C04F79EFBC}") = "FileSystemDemo", "FileSystemDemo\FileSystemDemo.csproj", "{FAA70342-68FC-4231-AD0C-CDCB68EBA562}"
EndProject
Global
	GlobalSection(SolutionConfigurationPlatforms) = preSolution
		Debug|Any CPU = Debug|Any CPU
		Release|Any CPU = Release|Any CPU
	EndGlobalSection
	GlobalSection(ProjectConfigurationPlatforms) = postSolution
		{FAA70342-68FC-4231-AD0C-CDCB68EBA562}.Debug|Any CPU.ActiveCfg = Debug|Any CPU
		{FAA70342-68FC-4231-AD0C-CDCB68EBA562}.Debug|Any CPU.Build.0 = Debug|Any CPU
		{FAA70342-68FC-4231-AD0C-CDCB68EBA562}.Release|Any CPU.ActiveCfg = Release|Any CPU
		{FAA70342-68FC-4231-AD0C-CDCB68EBA562}.Release|Any CPU.Build.0 = Release|Any CPU
	EndGlobalSection
	GlobalSection(SolutionProperties) = preSolution
		HideSolutionNode = FALSE
	EndGlobalSection
	GlobalSection(ExtensibilityGlobals) = postSolution
		SolutionGuid = {02995BB8-A2BC-4E93-9C48-6879695DAC86}
	EndGlobalSection
EndGlobal
